
Microsoft Visual Studio Solution File, Format Version 12.00
# Visual Studio Version 17
VisualStudioVersion = 17.3.32929.385
MinimumVisualStudioVersion = 10.0.40219.1
Project("{9A19103F-16F7-4668-BE54-9A1E7A4F7556}") = "BpfLayoutCoreTests", "BpfLayoutCoreTests\BpfLayoutCoreTests.csproj", "{B57179C1-E3E6-47D5-B780-AF868E457DFC}"
EndProject
Project("{9A19103F-16F7-4668-BE54-9A1E7A4F7556}") = "BpfLayout", "..\src\BpfLayout\BpfLayout.csproj", "{F5824E8F-EB90-498B-BA7E-025994EE1DBC}"
EndProject
Global
	GlobalSection(SolutionConfigurationPlatforms) = preSolution
		Debug|Any CPU = Debug|Any CPU
		Release|Any CPU = Release|Any CPU
	EndGlobalSection
	GlobalSection(ProjectConfigurationPlatforms) = postSolution
		{B57179C1-E3E6-47D5-B780-AF868E457DFC}.Debug|Any CPU.ActiveCfg = Debug|Any CPU
		{B57179C1-E3E6-47D5-B780-AF868E457DFC}.Debug|Any CPU.Build.0 = Debug|Any CPU
		{B57179C1-E3E6-47D5-B780-AF868E457DFC}.Release|Any CPU.ActiveCfg = Release|Any CPU
		{B57179C1-E3E6-47D5-B780-AF868E457DFC}.Release|Any CPU.Build.0 = Release|Any CPU
		{F5824E8F-EB90-498B-BA7E-025994EE1DBC}.Debug|Any CPU.ActiveCfg = Debug|Any CPU
		{F5824E8F-EB90-498B-BA7E-025994EE1DBC}.Debug|Any CPU.Build.0 = Debug|Any CPU
		{F5824E8F-EB90-498B-BA7E-025994EE1DBC}.Release|Any CPU.ActiveCfg = Release|Any CPU
		{F5824E8F-EB90-498B-BA7E-025994EE1DBC}.Release|Any CPU.Build.0 = Release|Any CPU
	EndGlobalSection
	GlobalSection(SolutionProperties) = preSolution
		HideSolutionNode = FALSE
	EndGlobalSection
	GlobalSection(ExtensibilityGlobals) = postSolution
		SolutionGuid = {1318F711-AD25-4C66-BC37-C0FD366DECB3}
	EndGlobalSection
EndGlobal
