
Microsoft Visual Studio Solution File, Format Version 12.00
# Visual Studio Version 17
VisualStudioVersion = 17.3.32929.385
MinimumVisualStudioVersion = 10.0.40219.1
Project("{9A19103F-16F7-4668-BE54-9A1E7A4F7556}") = "BpfLayout", "BpfLayout\BpfLayout.csproj", "{B67498D7-DCA6-453A-B281-18052D0D9D85}"
EndProject
Global
	GlobalSection(SolutionConfigurationPlatforms) = preSolution
		Debug|Any CPU = Debug|Any CPU
		Release|Any CPU = Release|Any CPU
	EndGlobalSection
	GlobalSection(ProjectConfigurationPlatforms) = postSolution
		{B67498D7-DCA6-453A-B281-18052D0D9D85}.Debug|Any CPU.ActiveCfg = Debug|Any CPU
		{B67498D7-DCA6-453A-B281-18052D0D9D85}.Debug|Any CPU.Build.0 = Debug|Any CPU
		{B67498D7-DCA6-453A-B281-18052D0D9D85}.Release|Any CPU.ActiveCfg = Release|Any CPU
		{B67498D7-DCA6-453A-B281-18052D0D9D85}.Release|Any CPU.Build.0 = Release|Any CPU
	EndGlobalSection
	GlobalSection(SolutionProperties) = preSolution
		HideSolutionNode = FALSE
	EndGlobalSection
	GlobalSection(ExtensibilityGlobals) = postSolution
		SolutionGuid = {140E360E-C538-4915-A66F-35824808D1DA}
	EndGlobalSection
EndGlobal
